Microsoft Visual Studio Solution File, Format Version 12.00
# Visual Studio Version 17
VisualStudioVersion = 17.5.2.0
MinimumVisualStudioVersion = 10.0.40219.1
Project("{FAE04EC0-301F-11D3-BF4B-00C04F79EFBC}") = "WedNightFury", "WedNightFury\WedNightFury.csproj", "{06961365-B1BE-F8C5-0B18-DB6776385F14}"
EndProject
Global
	GlobalSection(SolutionConfigurationPlatforms) = preSolution
		Debug|Any CPU = Debug|Any CPU
		Release|Any CPU = Release|Any CPU
	EndGlobalSection
	GlobalSection(ProjectConfigurationPlatforms) = postSolution
		{06961365-B1BE-F8C5-0B18-DB6776385F14}.Debug|Any CPU.ActiveCfg = Debug|Any CPU
		{06961365-B1BE-F8C5-0B18-DB6776385F14}.Debug|Any CPU.Build.0 = Debug|Any CPU
		{06961365-B1BE-F8C5-0B18-DB6776385F14}.Release|Any CPU.ActiveCfg = Release|Any CPU
		{06961365-B1BE-F8C5-0B18-DB6776385F14}.Release|Any CPU.Build.0 = Release|Any CPU
	EndGlobalSection
	GlobalSection(SolutionProperties) = preSolution
		HideSolutionNode = FALSE
	EndGlobalSection
	GlobalSection(ExtensibilityGlobals) = postSolution
		SolutionGuid = {DF5E63D0-E609-44E7-893E-1F95C7AC7815}
	EndGlobalSection
EndGlobal
